
Microsoft Visual Studio Solution File, Format Version 12.00
# Visual Studio 15
VisualStudioVersion = 15.0.27604.0
MinimumVisualStudioVersion = 10.0.40219.1
Project("{FAE04EC0-301F-11D3-BF4B-00C04F79EFBC}") = "Csharp-GUI-YuXianStudio-ServerListUpdate", "Csharp-GUI-YuXianStudio-ServerListUpdate\Csharp-GUI-YuXianStudio-ServerListUpdate.csproj", "{DAA5488D-DFE4-4730-B80A-26E9F8DBDCB3}"
EndProject
Global
	GlobalSection(SolutionConfigurationPlatforms) = preSolution
		Debug|Any CPU = Debug|Any CPU
		Release|Any CPU = Release|Any CPU
	EndGlobalSection
	GlobalSection(ProjectConfigurationPlatforms) = postSolution
		{DAA5488D-DFE4-4730-B80A-26E9F8DBDCB3}.Debug|Any CPU.ActiveCfg = Debug|Any CPU
		{DAA5488D-DFE4-4730-B80A-26E9F8DBDCB3}.Debug|Any CPU.Build.0 = Debug|Any CPU
		{DAA5488D-DFE4-4730-B80A-26E9F8DBDCB3}.Release|Any CPU.ActiveCfg = Release|Any CPU
		{DAA5488D-DFE4-4730-B80A-26E9F8DBDCB3}.Release|Any CPU.Build.0 = Release|Any CPU
	EndGlobalSection
	GlobalSection(SolutionProperties) = preSolution
		HideSolutionNode = FALSE
	EndGlobalSection
	GlobalSection(ExtensibilityGlobals) = postSolution
		SolutionGuid = {E722CEC4-DBF8-4606-B86D-DB64A90C5670}
	EndGlobalSection
EndGlobal
